// !$*UTF8*$!
{
	archiveVersion = 1;
	classes = {
	};
	objectVersion = 56;
	objects = {

/* Begin PBXBuildFile section */
		8769ED932AED7F0A00FC07EC /* TodoListMVVMApp.swift in Sources */ = {isa = PBXBuildFile; fileRef = 8769ED922AED7F0A00FC07EC /* TodoListMVVMApp.swift */; };
		8769ED972AED7F0C00FC07EC /* Assets.xcassets in Resources */ = {isa = PBXBuildFile; fileRef = 8769ED962AED7F0C00FC07EC /* Assets.xcassets */; };
		8769ED9A2AED7F0C00FC07EC /* Preview Assets.xcassets in Resources */ = {isa = PBXBuildFile; fileRef = 8769ED992AED7F0C00FC07EC /* Preview Assets.xcassets */; };
		8769EDA22AED7F5000FC07EC /* ListView.swift in Sources */ = {isa = PBXBuildFile; fileRef = 8769EDA12AED7F5000FC07EC /* ListView.swift */; };
		8769EDA42AED7F5900FC07EC /* ListRowView.swift in Sources */ = {isa = PBXBuildFile; fileRef = 8769EDA32AED7F5900FC07EC /* ListRowView.swift */; };
		8769EDA62AED813D00FC07EC /* AddView.swift in Sources */ = {isa = PBXBuildFile; fileRef = 8769EDA52AED813D00FC07EC /* AddView.swift */; };
		8769EDA92AEE6E6000FC07EC /* ItemModel.swift in Sources */ = {isa = PBXBuildFile; fileRef = 8769EDA82AEE6E6000FC07EC /* ItemModel.swift */; };
		8769EDAC2AEE7B5E00FC07EC /* ListViewModel.swift in Sources */ = {isa = PBXBuildFile; fileRef = 8769EDAB2AEE7B5E00FC07EC /* ListViewModel.swift */; };
/* End PBXBuildFile section */

/* Begin PBXFileReference section */
		8769ED8F2AED7F0A00FC07EC /* TodoListMVVM.app */ = {isa = PBXFileReference; explicitFileType = wrapper.application; includeInIndex = 0; path = TodoListMVVM.app; sourceTree = BUILT_PRODUCTS_DIR; };
		8769ED922AED7F0A00FC07EC /* TodoListMVVMApp.swift */ = {isa = PBXFileReference; lastKnownFileType = sourcecode.swift; path = TodoListMVVMApp.swift; sourceTree = "<group>"; };
		8769ED962AED7F0C00FC07EC /* Assets.xcassets */ = {isa = PBXFileReference; lastKnownFileType = folder.assetcatalog; path = Assets.xcassets; sourceTree = "<group>"; };
		8769ED992AED7F0C00FC07EC /* Preview Assets.xcassets */ = {isa = PBXFileReference; lastKnownFileType = folder.assetcatalog; path = "Preview Assets.xcassets"; sourceTree = "<group>"; };
		8769EDA12AED7F5000FC07EC /* ListView.swift */ = {isa = PBXFileReference; lastKnownFileType = sourcecode.swift; path = ListView.swift; sourceTree = "<group>"; };
		8769EDA32AED7F5900FC07EC /* ListRowView.swift */ = {isa = PBXFileReference; lastKnownFileType = sourcecode.swift; path = ListRowView.swift; sourceTree = "<group>"; };
		8769EDA52AED813D00FC07EC /* AddView.swift */ = {isa = PBXFileReference; lastKnownFileType = sourcecode.swift; path = AddView.swift; sourceTree = "<group>"; };
		8769EDA82AEE6E6000FC07EC /* ItemModel.swift */ = {isa = PBXFileReference; lastKnownFileType = sourcecode.swift; path = ItemModel.swift; sourceTree = "<group>"; };
		8769EDAB2AEE7B5E00FC07EC /* ListViewModel.swift */ = {isa = PBXFileReference; lastKnownFileType = sourcecode.swift; path = ListViewModel.swift; sourceTree = "<group>"; };
/* End PBXFileReference section */

/* Begin PBXFrameworksBuildPhase section */
		8769ED8C2AED7F0A00FC07EC /* Frameworks */ = {
			isa = PBXFrameworksBuildPhase;
			buildActionMask = 2147483647;
			files = (
			);
			runOnlyForDeploymentPostprocessing = 0;
		};
/* End PBXFrameworksBuildPhase section */

/* Begin PBXGroup section */
		8769ED862AED7F0A00FC07EC = {
			isa = PBXGroup;
			children = (
				8769ED912AED7F0A00FC07EC /* TodoListMVVM */,
				8769ED902AED7F0A00FC07EC /* Products */,
			);
			sourceTree = "<group>";
		};
		8769ED902AED7F0A00FC07EC /* Products */ = {
			isa = PBXGroup;
			children = (
				8769ED8F2AED7F0A00FC07EC /* TodoListMVVM.app */,
			);
			name = Products;
			sourceTree = "<group>";
		};
		8769ED912AED7F0A00FC07EC /* TodoListMVVM */ = {
			isa = PBXGroup;
			children = (
				8769ED922AED7F0A00FC07EC /* TodoListMVVMApp.swift */,
				8769EDA02AED7F4500FC07EC /* Views */,
				8769EDAA2AEE7B3700FC07EC /* ViewModels */,
				8769EDA72AEE6E2A00FC07EC /* Models */,
				8769ED962AED7F0C00FC07EC /* Assets.xcassets */,
				8769ED982AED7F0C00FC07EC /* Preview Content */,
			);
			path = TodoListMVVM;
			sourceTree = "<group>";
		};
		8769ED982AED7F0C00FC07EC /* Preview Content */ = {
			isa = PBXGroup;
			children = (
				8769ED992AED7F0C00FC07EC /* Preview Assets.xcassets */,
			);
			path = "Preview Content";
			sourceTree = "<group>";
		};
		8769EDA02AED7F4500FC07EC /* Views */ = {
			isa = PBXGroup;
			children = (
				8769EDA12AED7F5000FC07EC /* ListView.swift */,
				8769EDA32AED7F5900FC07EC /* ListRowView.swift */,
				8769EDA52AED813D00FC07EC /* AddView.swift */,
			);
			path = Views;
			sourceTree = "<group>";
		};
		8769EDA72AEE6E2A00FC07EC /* Models */ = {
			isa = PBXGroup;
			children = (
				8769EDA82AEE6E6000FC07EC /* ItemModel.swift */,
			);
			path = Models;
			sourceTree = "<group>";
		};
		8769EDAA2AEE7B3700FC07EC /* ViewModels */ = {
			isa = PBXGroup;
			children = (
				8769EDAB2AEE7B5E00FC07EC /* ListViewModel.swift */,
			);
			path = ViewModels;
			sourceTree = "<group>";
		};
/* End PBXGroup section */

/* Begin PBXNativeTarget section */
		8769ED8E2AED7F0A00FC07EC /* TodoListMVVM */ = {
			isa = PBXNativeTarget;
			buildConfigurationList = 8769ED9D2AED7F0C00FC07EC /* Build configuration list for PBXNativeTarget "TodoListMVVM" */;
			buildPhases = (
				8769ED8B2AED7F0A00FC07EC /* Sources */,
				8769ED8C2AED7F0A00FC07EC /* Frameworks */,
				8769ED8D2AED7F0A00FC07EC /* Resources */,
			);
			buildRules = (
			);
			dependencies = (
			);
			name = TodoListMVVM;
			productName = TodoListMVVM;
			productReference = 8769ED8F2AED7F0A00FC07EC /* TodoListMVVM.app */;
			productType = "com.apple.product-type.application";
		};
/* End PBXNativeTarget section */

/* Begin PBXProject section */
		8769ED872AED7F0A00FC07EC /* Project object */ = {
			isa = PBXProject;
			attributes = {
				BuildIndependentTargetsInParallel = 1;
				LastSwiftUpdateCheck = 1500;
				LastUpgradeCheck = 1500;
				TargetAttributes = {
					8769ED8E2AED7F0A00FC07EC = {
						CreatedOnToolsVersion = 15.0.1;
					};
				};
			};
			buildConfigurationList = 8769ED8A2AED7F0A00FC07EC /* Build configuration list for PBXProject "TodoListMVVM" */;
			compatibilityVersion = "Xcode 14.0";
			developmentRegion = en;
			hasScannedForEncodings = 0;
			knownRegions = (
				en,
				Base,
			);
			mainGroup = 8769ED862AED7F0A00FC07EC;
			productRefGroup = 8769ED902AED7F0A00FC07EC /* Products */;
			projectDirPath = "";
			projectRoot = "";
			targets = (
				8769ED8E2AED7F0A00FC07EC /* TodoListMVVM */,
			);
		};
/* End PBXProject section */

/* Begin PBXResourcesBuildPhase section */
		8769ED8D2AED7F0A00FC07EC /* Resources */ = {
			isa = PBXResourcesBuildPhase;
			buildActionMask = 2147483647;
			files = (
				8769ED9A2AED7F0C00FC07EC /* Preview Assets.xcassets in Resources */,
				8769ED972AED7F0C00FC07EC /* Assets.xcassets in Resources */,
			);
			runOnlyForDeploymentPostprocessing = 0;
		};
/* End PBXResourcesBuildPhase section */

/* Begin PBXSourcesBuildPhase section */
		8769ED8B2AED7F0A00FC07EC /* Sources */ = {
			isa = PBXSourcesBuildPhase;
			buildActionMask = 2147483647;
			files = (
				8769EDA92AEE6E6000FC07EC /* ItemModel.swift in Sources */,
				8769EDA62AED813D00FC07EC /* AddView.swift in Sources */,
				8769EDAC2AEE7B5E00FC07EC /* ListViewModel.swift in Sources */,
				8769EDA22AED7F5000FC07EC /* ListView.swift in Sources */,
				8769ED932AED7F0A00FC07EC /* TodoListMVVMApp.swift in Sources */,
				8769EDA42AED7F5900FC07EC /* ListRowView.swift in Sources */,
			);
			runOnlyForDeploymentPostprocessing = 0;
		};
/* End PBXSourcesBuildPhase section */

/* Begin XCBuildConfiguration section */
		8769ED9B2AED7F0C00FC07EC /* Debug */ = {
			isa = XCBuildConfiguration;
			buildSettings = {
				ALWAYS_SEARCH_USER_PATHS = NO;
				ASSETCATALOG_COMPILER_GENERATE_SWIFT_ASSET_SYMBOL_EXTENSIONS = YES;
				CLANG_ANALYZER_NONNULL = YES;
				CLANG_ANALYZER_NUMBER_OBJECT_CONVERSION = YES_AGGRESSIVE;
				CLANG_CXX_LANGUAGE_STANDARD = "gnu++20";
				CLANG_ENABLE_MODULES = YES;
				CLANG_ENABLE_OBJC_ARC = YES;
				CLANG_ENABLE_OBJC_WEAK = YES;
				CLANG_WARN_BLOCK_CAPTURE_AUTORELEASING = YES;
				CLANG_WARN_BOOL_CONVERSION = YES;
				CLANG_WARN_COMMA = YES;
				CLANG_WARN_CONSTANT_CONVERSION = YES;
				CLANG_WARN_DEPRECATED_OBJC_IMPLEMENTATIONS = YES;
				CLANG_WARN_DIRECT_OBJC_ISA_USAGE = YES_ERROR;
				CLANG_WARN_DOCUMENTATION_COMMENTS = YES;
				CLANG_WARN_EMPTY_BODY = YES;
				CLANG_WARN_ENUM_CONVERSION = YES;
				CLANG_WARN_INFINITE_RECURSION = YES;
				CLANG_WARN_INT_CONVERSION = YES;
				CLANG_WARN_NON_LITERAL_NULL_CONVERSION = YES;
				CLANG_WARN_OBJC_IMPLICIT_RETAIN_SELF = YES;
				CLANG_WARN_OBJC_LITERAL_CONVERSION = YES;
				CLANG_WARN_OBJC_ROOT_CLASS = YES_ERROR;
				CLANG_WARN_QUOTED_INCLUDE_IN_FRAMEWORK_HEADER = YES;
				CLANG_WARN_RANGE_LOOP_ANALYSIS = YES;
				CLANG_WARN_STRICT_PROTOTYPES = YES;
				CLANG_WARN_SUSPICIOUS_MOVE = YES;
				CLANG_WARN_UNGUARDED_AVAILABILITY = YES_AGGRESSIVE;
				CLANG_WARN_UNREACHABLE_CODE = YES;
				CLANG_WARN__DUPLICATE_METHOD_MATCH = YES;
				COPY_PHASE_STRIP = NO;
				DEBUG_INFORMATION_FORMAT = dwarf;
				ENABLE_STRICT_OBJC_MSGSEND = YES;
				ENABLE_TESTABILITY = YES;
				ENABLE_USER_SCRIPT_SANDBOXING = YES;
				GCC_C_LANGUAGE_STANDARD = gnu17;
				GCC_DYNAMIC_NO_PIC = NO;
				GCC_NO_COMMON_BLOCKS = YES;
				GCC_OPTIMIZATION_LEVEL = 0;
				GCC_PREPROCESSOR_DEFINITIONS = (
					"DEBUG=1",
					"$(inherited)",
				);
				GCC_WARN_64_TO_32_BIT_CONVERSION = YES;
				GCC_WARN_ABOUT_RETURN_TYPE = YES_ERROR;
				GCC_WARN_UNDECLARED_SELECTOR = YES;
				GCC_WARN_UNINITIALIZED_AUTOS = YES_AGGRESSIVE;
				GCC_WARN_UNUSED_FUNCTION = YES;
				GCC_WARN_UNUSED_VARIABLE = YES;
				IPHONEOS_DEPLOYMENT_TARGET = 17.0;
				LOCALIZATION_PREFERS_STRING_CATALOGS = YES;
				MTL_ENABLE_DEBUG_INFO = INCLUDE_SOURCE;
				MTL_FAST_MATH = YES;
				ONLY_ACTIVE_ARCH = YES;
				SDKROOT = iphoneos;
				SWIFT_ACTIVE_COMPILATION_CONDITIONS = "DEBUG $(inherited)";
				SWIFT_OPTIMIZATION_LEVEL = "-Onone";
			};
			name = Debug;
		};
		8769ED9C2AED7F0C00FC07EC /* Release */ = {
			isa = XCBuildConfiguration;
			buildSettings = {
				ALWAYS_SEARCH_USER_PATHS = NO;
				ASSETCATALOG_COMPILER_GENERATE_SWIFT_ASSET_SYMBOL_EXTENSIONS = YES;
				CLANG_ANALYZER_NONNULL = YES;
				CLANG_ANALYZER_NUMBER_OBJECT_CONVERSION = YES_AGGRESSIVE;
				CLANG_CXX_LANGUAGE_STANDARD = "gnu++20";
				CLANG_ENABLE_MODULES = YES;
				CLANG_ENABLE_OBJC_ARC = YES;
				CLANG_ENABLE_OBJC_WEAK = YES;
				CLANG_WARN_BLOCK_CAPTURE_AUTORELEASING = YES;
				CLANG_WARN_BOOL_CONVERSION = YES;
				CLANG_WARN_COMMA = YES;
				CLANG_WARN_CONSTANT_CONVERSION = YES;
				CLANG_WARN_DEPRECATED_OBJC_IMPLEMENTATIONS = YES;
				CLANG_WARN_DIRECT_OBJC_ISA_USAGE = YES_ERROR;
				CLANG_WARN_DOCUMENTATION_COMMENTS = YES;
				CLANG_WARN_EMPTY_BODY = YES;
				CLANG_WARN_ENUM_CONVERSION = YES;
				CLANG_WARN_INFINITE_RECURSION = YES;
				CLANG_WARN_INT_CONVERSION = YES;
				CLANG_WARN_NON_LITERAL_NULL_CONVERSION = YES;
				CLANG_WARN_OBJC_IMPLICIT_RETAIN_SELF = YES;
				CLANG_WARN_OBJC_LITERAL_CONVERSION = YES;
				CLANG_WARN_OBJC_ROOT_CLASS = YES_ERROR;
				CLANG_WARN_QUOTED_INCLUDE_IN_FRAMEWORK_HEADER = YES;
				CLANG_WARN_RANGE_LOOP_ANALYSIS = YES;
				CLANG_WARN_STRICT_PROTOTYPES = YES;
				CLANG_WARN_SUSPICIOUS_MOVE = YES;
				CLANG_WARN_UNGUARDED_AVAILABILITY = YES_AGGRESSIVE;
				CLANG_WARN_UNREACHABLE_CODE = YES;
				CLANG_WARN__DUPLICATE_METHOD_MATCH = YES;
				COPY_PHASE_STRIP = NO;
				DEBUG_INFORMATION_FORMAT = "dwarf-with-dsym";
				ENABLE_NS_ASSERTIONS = NO;
				ENABLE_STRICT_OBJC_MSGSEND = YES;
				ENABLE_USER_SCRIPT_SANDBOXING = YES;
				GCC_C_LANGUAGE_STANDARD = gnu17;
				GCC_NO_COMMON_BLOCKS = YES;
				GCC_WARN_64_TO_32_BIT_CONVERSION = YES;
				GCC_WARN_ABOUT_RETURN_TYPE = YES_ERROR;
				GCC_WARN_UNDECLARED_SELECTOR = YES;
				GCC_WARN_UNINITIALIZED_AUTOS = YES_AGGRESSIVE;
				GCC_WARN_UNUSED_FUNCTION = YES;
				GCC_WARN_UNUSED_VARIABLE = YES;
				IPHONEOS_DEPLOYMENT_TARGET = 17.0;
				LOCALIZATION_PREFERS_STRING_CATALOGS = YES;
				MTL_ENABLE_DEBUG_INFO = NO;
				MTL_FAST_MATH = YES;
				SDKROOT = iphoneos;
				SWIFT_COMPILATION_MODE = wholemodule;
				VALIDATE_PRODUCT = YES;
			};
			name = Release;
		};
		8769ED9E2AED7F0C00FC07EC /* Debug */ = {
			isa = XCBuildConfiguration;
			buildSettings = {
				ASSETCATALOG_COMPILER_APPICON_NAME = AppIcon;
				ASSETCATALOG_COMPILER_GLOBAL_ACCENT_COLOR_NAME = AccentColor;
				CODE_SIGN_STYLE = Automatic;
				CURRENT_PROJECT_VERSION = 1;
				DEVELOPMENT_ASSET_PATHS = "\"TodoListMVVM/Preview Content\"";
				DEVELOPMENT_TEAM = G64HSUAAY3;
				ENABLE_PREVIEWS = YES;
				GENERATE_INFOPLIST_FILE = YES;
				INFOPLIST_KEY_UIApplicationSceneManifest_Generation = YES;
				INFOPLIST_KEY_UIApplicationSupportsIndirectInputEvents = YES;
				INFOPLIST_KEY_UILaunchScreen_Generation = YES;
				INFOPLIST_KEY_UISupportedInterfaceOrientations_iPad = "UIInterfaceOrientationPortrait UIInterfaceOrientationPortraitUpsideDown UIInterfaceOrientationLandscapeLeft UIInterfaceOrientationLandscapeRight";
				INFOPLIST_KEY_UISupportedInterfaceOrientations_iPhone = "UIInterfaceOrientationPortrait UIInterfaceOrientationLandscapeLeft UIInterfaceOrientationLandscapeRight";
				LD_RUNPATH_SEARCH_PATHS = (
					"$(inherited)",
					"@executable_path/Frameworks",
				);
				MARKETING_VERSION = 1.0;
				PRODUCT_BUNDLE_IDENTIFIER = com.nimchynskyi.TodoListMVVM;
				PRODUCT_NAME = "$(TARGET_NAME)";
				SWIFT_EMIT_LOC_STRINGS = YES;
				SWIFT_VERSION = 5.0;
				TARGETED_DEVICE_FAMILY = "1,2";
			};
			name = Debug;
		};
		8769ED9F2AED7F0C00FC07EC /* Release */ = {
			isa = XCBuildConfiguration;
			buildSettings = {
				ASSETCATALOG_COMPILER_APPICON_NAME = AppIcon;
				ASSETCATALOG_COMPILER_GLOBAL_ACCENT_COLOR_NAME = AccentColor;
				CODE_SIGN_STYLE = Automatic;
				CURRENT_PROJECT_VERSION = 1;
				DEVELOPMENT_ASSET_PATHS = "\"TodoListMVVM/Preview Content\"";
				DEVELOPMENT_TEAM = G64HSUAAY3;
				ENABLE_PREVIEWS = YES;
				GENERATE_INFOPLIST_FILE = YES;
				INFOPLIST_KEY_UIApplicationSceneManifest_Generation = YES;
				INFOPLIST_KEY_UIApplicationSupportsIndirectInputEvents = YES;
				INFOPLIST_KEY_UILaunchScreen_Generation = YES;
				INFOPLIST_KEY_UISupportedInterfaceOrientations_iPad = "UIInterfaceOrientationPortrait UIInterfaceOrientationPortraitUpsideDown UIInterfaceOrientationLandscapeLeft UIInterfaceOrientationLandscapeRight";
				INFOPLIST_KEY_UISupportedInterfaceOrientations_iPhone = "UIInterfaceOrientationPortrait UIInterfaceOrientationLandscapeLeft UIInterfaceOrientationLandscapeRight";
				LD_RUNPATH_SEARCH_PATHS = (
					"$(inherited)",
					"@executable_path/Frameworks",
				);
				MARKETING_VERSION = 1.0;
				PRODUCT_BUNDLE_IDENTIFIER = com.nimchynskyi.TodoListMVVM;
				PRODUCT_NAME = "$(TARGET_NAME)";
				SWIFT_EMIT_LOC_STRINGS = YES;
				SWIFT_VERSION = 5.0;
				TARGETED_DEVICE_FAMILY = "1,2";
			};
			name = Release;
		};
/* End XCBuildConfiguration section */

/* Begin XCConfigurationList section */
		8769ED8A2AED7F0A00FC07EC /* Build configuration list for PBXProject "TodoListMVVM" */ = {
			isa = XCConfigurationList;
			buildConfigurations = (
				8769ED9B2AED7F0C00FC07EC /* Debug */,
				8769ED9C2AED7F0C00FC07EC /* Release */,
			);
			defaultConfigurationIsVisible = 0;
			defaultConfigurationName = Release;
		};
		8769ED9D2AED7F0C00FC07EC /* Build configuration list for PBXNativeTarget "TodoListMVVM" */ = {
			isa = XCConfigurationList;
			buildConfigurations = (
				8769ED9E2AED7F0C00FC07EC /* Debug */,
				8769ED9F2AED7F0C00FC07EC /* Release */,
			);
			defaultConfigurationIsVisible = 0;
			defaultConfigurationName = Release;
		};
/* End XCConfigurationList section */
	};
	rootObject = 8769ED872AED7F0A00FC07EC /* Project object */;
}
